{
  "name": "devicewise-angular",
  "version": "1.1.1",
  "lockfileVersion": 1,
  "requires": true,
  "dependencies": {
    "ngx-cookie-service": {
      "version": "2.1.0",
      "resolved": "https://registry.npmjs.org/ngx-cookie-service/-/ngx-cookie-service-2.1.0.tgz",
      "integrity": "sha512-7g7NEo7dYp6ap0j5qZ4Nf6nrU4WVdx8ycRQbWyLPps6mrR/+5vKU73ie0CMuKzl625bDTBjjJ60AmqTsp4l+AQ=="
    }
  }
}
