{
  "name": "devicewise-angular",
  "version": "3.5.6",
  "lockfileVersion": 1,
  "requires": true,
  "dependencies": {
    "fetch-readablestream": {
      "version": "0.2.0",
      "resolved": "https://registry.npmjs.org/fetch-readablestream/-/fetch-readablestream-0.2.0.tgz",
      "integrity": "sha512-qu4mXWf4wus4idBIN/kVH+XSer8IZ9CwHP+Pd7DL7TuKNC1hP7ykon4kkBjwJF3EMX2WsFp4hH7gU7CyL7ucXw=="
    },
    "ngx-cookie-service": {
      "version": "2.4.0",
      "resolved": "https://registry.npmjs.org/ngx-cookie-service/-/ngx-cookie-service-2.4.0.tgz",
      "integrity": "sha512-uR/6mCQ1t+XY5G1/irqRhoEddx1PPtmz7JHM/2nn5yQmicnj+n48x8C2PMxwaYDHKRh7QPQ9G5scR36Mmdz09A=="
    },
    "tslib": {
      "version": "1.11.1",
      "resolved": "https://registry.npmjs.org/tslib/-/tslib-1.11.1.tgz",
      "integrity": "sha512-aZW88SY8kQbU7gpV19lN24LtXh/yD4ZZg6qieAJDDg+YBsJcSmLGK9QpnUjAKVG/xefmvJGd1WUmfpT/g6AJGA=="
    }
  }
}
