{
  "name": "devicewise-angular",
  "version": "4.0.5",
  "lockfileVersion": 1,
  "requires": true,
  "dependencies": {
    "fetch-readablestream": {
      "version": "0.2.0",
      "resolved": "https://registry.npmjs.org/fetch-readablestream/-/fetch-readablestream-0.2.0.tgz",
      "integrity": "sha512-qu4mXWf4wus4idBIN/kVH+XSer8IZ9CwHP+Pd7DL7TuKNC1hP7ykon4kkBjwJF3EMX2WsFp4hH7gU7CyL7ucXw=="
    },
    "ngx-cookie-service": {
      "version": "11.0.2",
      "resolved": "https://registry.npmjs.org/ngx-cookie-service/-/ngx-cookie-service-11.0.2.tgz",
      "integrity": "sha512-nsjzdcjK+gNAweE/DDdnOyHo04jlxTeMXOL/oJNp8MHtOTvCXnOtIFYgq4Sb2JU6UXTovO9tHEMIf9TxjlsdgQ==",
      "requires": {
        "tslib": "^2.0.0"
      }
    },
    "tslib": {
      "version": "2.0.3",
      "resolved": "https://registry.npmjs.org/tslib/-/tslib-2.0.3.tgz",
      "integrity": "sha512-uZtkfKblCEQtZKBF6EBXVZeQNl82yqtDQdv+eck8u7tdPxjLu2/lp5/uPW+um2tpuxINHWy3GhiccY7QgEaVHQ=="
    }
  }
}
