{
  "name": "devicewise-angular",
  "version": "1.2.7",
  "lockfileVersion": 1,
  "requires": true,
  "dependencies": {
    "fetch-readablestream": {
      "version": "0.2.0",
      "resolved": "https://registry.npmjs.org/fetch-readablestream/-/fetch-readablestream-0.2.0.tgz",
      "integrity": "sha512-qu4mXWf4wus4idBIN/kVH+XSer8IZ9CwHP+Pd7DL7TuKNC1hP7ykon4kkBjwJF3EMX2WsFp4hH7gU7CyL7ucXw=="
    },
    "ngx-cookie-service": {
      "version": "2.2.0",
      "resolved": "https://registry.npmjs.org/ngx-cookie-service/-/ngx-cookie-service-2.2.0.tgz",
      "integrity": "sha512-2kaC1itlEMxiMAPJ320hOpcwU9vhvjbKQCZ1Go6bGhYjJtqG7eYvhNP7mM9IhFz1/afG2tBryJPySWmFUGhRpA=="
    }
  }
}
